
Microsoft Visual Studio Solution File, Format Version 12.00
# Visual Studio Version 17
VisualStudioVersion = 17.9.34714.143
MinimumVisualStudioVersion = 10.0.40219.1
Project("{FAE04EC0-301F-11D3-BF4B-00C04F79EFBC}") = "PaintingDetailsManager", "PaintingDetailsManager\PaintingDetailsManager.csproj", "{83044D0C-0D8D-4CB9-8AB5-38E955B3968F}"
EndProject
Project("{FAE04EC0-301F-11D3-BF4B-00C04F79EFBC}") = "PaintingLibrary", "PaintingLibrary\PaintingLibrary.csproj", "{414124B1-270A-4859-961B-46D57E169AEF}"
EndProject
Project("{FAE04EC0-301F-11D3-BF4B-00C04F79EFBC}") = "PaintingLibrary.Tests", "PaintingLibrary.Tests\PaintingLibrary.Tests.csproj", "{9B792ACF-92F5-4A46-AD9B-D40043E39188}"
EndProject
Project("{FAE04EC0-301F-11D3-BF4B-00C04F79EFBC}") = "SynchronizationAPI", "SynchronizationAPI\SynchronizationAPI.csproj", "{17AF54A5-71AE-43EE-927F-C433F0919FF8}"
EndProject
Global
	GlobalSection(SolutionConfigurationPlatforms) = preSolution
		Debug|Any CPU = Debug|Any CPU
		Release|Any CPU = Release|Any CPU
	EndGlobalSection
	GlobalSection(ProjectConfigurationPlatforms) = postSolution
		{83044D0C-0D8D-4CB9-8AB5-38E955B3968F}.Debug|Any CPU.ActiveCfg = Debug|Any CPU
		{83044D0C-0D8D-4CB9-8AB5-38E955B3968F}.Debug|Any CPU.Build.0 = Debug|Any CPU
		{83044D0C-0D8D-4CB9-8AB5-38E955B3968F}.Release|Any CPU.ActiveCfg = Release|Any CPU
		{83044D0C-0D8D-4CB9-8AB5-38E955B3968F}.Release|Any CPU.Build.0 = Release|Any CPU
		{414124B1-270A-4859-961B-46D57E169AEF}.Debug|Any CPU.ActiveCfg = Debug|Any CPU
		{414124B1-270A-4859-961B-46D57E169AEF}.Debug|Any CPU.Build.0 = Debug|Any CPU
		{414124B1-270A-4859-961B-46D57E169AEF}.Release|Any CPU.ActiveCfg = Release|Any CPU
		{414124B1-270A-4859-961B-46D57E169AEF}.Release|Any CPU.Build.0 = Release|Any CPU
		{9B792ACF-92F5-4A46-AD9B-D40043E39188}.Debug|Any CPU.ActiveCfg = Debug|Any CPU
		{9B792ACF-92F5-4A46-AD9B-D40043E39188}.Debug|Any CPU.Build.0 = Debug|Any CPU
		{9B792ACF-92F5-4A46-AD9B-D40043E39188}.Release|Any CPU.ActiveCfg = Release|Any CPU
		{9B792ACF-92F5-4A46-AD9B-D40043E39188}.Release|Any CPU.Build.0 = Release|Any CPU
		{17AF54A5-71AE-43EE-927F-C433F0919FF8}.Debug|Any CPU.ActiveCfg = Debug|Any CPU
		{17AF54A5-71AE-43EE-927F-C433F0919FF8}.Debug|Any CPU.Build.0 = Debug|Any CPU
		{17AF54A5-71AE-43EE-927F-C433F0919FF8}.Release|Any CPU.ActiveCfg = Release|Any CPU
		{17AF54A5-71AE-43EE-927F-C433F0919FF8}.Release|Any CPU.Build.0 = Release|Any CPU
	EndGlobalSection
	GlobalSection(SolutionProperties) = preSolution
		HideSolutionNode = FALSE
	EndGlobalSection
	GlobalSection(ExtensibilityGlobals) = postSolution
		SolutionGuid = {8305BD1B-792A-45C3-A845-27A08EEE2F9A}
	EndGlobalSection
EndGlobal
